
Microsoft Visual Studio Solution File, Format Version 12.00
# Visual Studio 2013
VisualStudioVersion = 12.0.30501.0
MinimumVisualStudioVersion = 10.0.40219.1
Project("{FAE04EC0-301F-11D3-BF4B-00C04F79EFBC}") = "EPharmaTestPhase", "EPharmaTestPhase\EPharmaTestPhase.csproj", "{AB993D21-5831-4E1E-9D83-41294E14BAC2}"
EndProject
Global
	GlobalSection(SolutionConfigurationPlatforms) = preSolution
		Debug|Any CPU = Debug|Any CPU
		Release|Any CPU = Release|Any CPU
	EndGlobalSection
	GlobalSection(ProjectConfigurationPlatforms) = postSolution
		{AB993D21-5831-4E1E-9D83-41294E14BAC2}.Debug|Any CPU.ActiveCfg = Debug|Any CPU
		{AB993D21-5831-4E1E-9D83-41294E14BAC2}.Debug|Any CPU.Build.0 = Debug|Any CPU
		{AB993D21-5831-4E1E-9D83-41294E14BAC2}.Release|Any CPU.ActiveCfg = Release|Any CPU
		{AB993D21-5831-4E1E-9D83-41294E14BAC2}.Release|Any CPU.Build.0 = Release|Any CPU
	EndGlobalSection
	GlobalSection(SolutionProperties) = preSolution
		HideSolutionNode = FALSE
	EndGlobalSection
EndGlobal
